
Microsoft Visual Studio Solution File, Format Version 12.00
# Visual Studio Version 17
VisualStudioVersion = 17.1.32414.318
MinimumVisualStudioVersion = 10.0.40219.1
Project("{FAE04EC0-301F-11D3-BF4B-00C04F79EFBC}") = "Template", "Template\Template.csproj", "{EDD948A8-2890-49CD-91AA-68DC61DDD3CC}"
EndProject
Project("{2150E333-8FDC-42A3-9474-1A3956D46DE8}") = "1-Web", "1-Web", "{72F3F1EA-A543-4BB7-99C9-FF91A5605B8B}"
EndProject
Project("{2150E333-8FDC-42A3-9474-1A3956D46DE8}") = "2-Application", "2-Application", "{501F1817-0676-4B9A-8E83-CE8AD8F18B3D}"
EndProject
Project("{2150E333-8FDC-42A3-9474-1A3956D46DE8}") = "3-Domain", "3-Domain", "{F2BB16FC-209B-4786-9C10-3E937B142DB9}"
EndProject
Project("{2150E333-8FDC-42A3-9474-1A3956D46DE8}") = "4-Infra", "4-Infra", "{B889A88A-3CE7-467B-BB9C-30CB0A04310E}"
EndProject
Project("{FAE04EC0-301F-11D3-BF4B-00C04F79EFBC}") = "Template.Application", "Template.Application\Template.Application.csproj", "{DD0D3E4E-87BC-4D28-8F44-5C0BB12A71B4}"
EndProject
Project("{FAE04EC0-301F-11D3-BF4B-00C04F79EFBC}") = "Template.Domain", "Template.Domain\Template.Domain.csproj", "{1EF0C0AF-7976-4DB7-ADD0-33859F0F0310}"
EndProject
Project("{2150E333-8FDC-42A3-9474-1A3956D46DE8}") = "4.1-Data", "4.1-Data", "{A203FDE5-EECC-4E35-B9FB-7D2A63451E35}"
EndProject
Project("{2150E333-8FDC-42A3-9474-1A3956D46DE8}") = "4.2-CrossCutting", "4.2-CrossCutting", "{EB4CFECF-063E-4A5E-9DAE-8988D10FE001}"
EndProject
Project("{FAE04EC0-301F-11D3-BF4B-00C04F79EFBC}") = "Template.Data", "Template.Data\Template.Data.csproj", "{B725710D-47A0-4198-BEE7-B1CB47E90387}"
EndProject
Global
	GlobalSection(SolutionConfigurationPlatforms) = preSolution
		Debug|Any CPU = Debug|Any CPU
		Release|Any CPU = Release|Any CPU
	EndGlobalSection
	GlobalSection(ProjectConfigurationPlatforms) = postSolution
		{EDD948A8-2890-49CD-91AA-68DC61DDD3CC}.Debug|Any CPU.ActiveCfg = Debug|Any CPU
		{EDD948A8-2890-49CD-91AA-68DC61DDD3CC}.Debug|Any CPU.Build.0 = Debug|Any CPU
		{EDD948A8-2890-49CD-91AA-68DC61DDD3CC}.Release|Any CPU.ActiveCfg = Release|Any CPU
		{EDD948A8-2890-49CD-91AA-68DC61DDD3CC}.Release|Any CPU.Build.0 = Release|Any CPU
		{DD0D3E4E-87BC-4D28-8F44-5C0BB12A71B4}.Debug|Any CPU.ActiveCfg = Debug|Any CPU
		{DD0D3E4E-87BC-4D28-8F44-5C0BB12A71B4}.Debug|Any CPU.Build.0 = Debug|Any CPU
		{DD0D3E4E-87BC-4D28-8F44-5C0BB12A71B4}.Release|Any CPU.ActiveCfg = Release|Any CPU
		{DD0D3E4E-87BC-4D28-8F44-5C0BB12A71B4}.Release|Any CPU.Build.0 = Release|Any CPU
		{1EF0C0AF-7976-4DB7-ADD0-33859F0F0310}.Debug|Any CPU.ActiveCfg = Debug|Any CPU
		{1EF0C0AF-7976-4DB7-ADD0-33859F0F0310}.Debug|Any CPU.Build.0 = Debug|Any CPU
		{1EF0C0AF-7976-4DB7-ADD0-33859F0F0310}.Release|Any CPU.ActiveCfg = Release|Any CPU
		{1EF0C0AF-7976-4DB7-ADD0-33859F0F0310}.Release|Any CPU.Build.0 = Release|Any CPU
		{B725710D-47A0-4198-BEE7-B1CB47E90387}.Debug|Any CPU.ActiveCfg = Debug|Any CPU
		{B725710D-47A0-4198-BEE7-B1CB47E90387}.Debug|Any CPU.Build.0 = Debug|Any CPU
		{B725710D-47A0-4198-BEE7-B1CB47E90387}.Release|Any CPU.ActiveCfg = Release|Any CPU
		{B725710D-47A0-4198-BEE7-B1CB47E90387}.Release|Any CPU.Build.0 = Release|Any CPU
	EndGlobalSection
	GlobalSection(SolutionProperties) = preSolution
		HideSolutionNode = FALSE
	EndGlobalSection
	GlobalSection(NestedProjects) = preSolution
		{EDD948A8-2890-49CD-91AA-68DC61DDD3CC} = {72F3F1EA-A543-4BB7-99C9-FF91A5605B8B}
		{DD0D3E4E-87BC-4D28-8F44-5C0BB12A71B4} = {501F1817-0676-4B9A-8E83-CE8AD8F18B3D}
		{1EF0C0AF-7976-4DB7-ADD0-33859F0F0310} = {F2BB16FC-209B-4786-9C10-3E937B142DB9}
		{A203FDE5-EECC-4E35-B9FB-7D2A63451E35} = {B889A88A-3CE7-467B-BB9C-30CB0A04310E}
		{EB4CFECF-063E-4A5E-9DAE-8988D10FE001} = {B889A88A-3CE7-467B-BB9C-30CB0A04310E}
		{B725710D-47A0-4198-BEE7-B1CB47E90387} = {A203FDE5-EECC-4E35-B9FB-7D2A63451E35}
	EndGlobalSection
	GlobalSection(ExtensibilityGlobals) = postSolution
		SolutionGuid = {4C5CBA33-FEC9-46A3-9F8E-A0B1CB156163}
	EndGlobalSection
EndGlobal
