
Microsoft Visual Studio Solution File, Format Version 12.00
# Visual Studio Version 17
VisualStudioVersion = 17.1.32414.318
MinimumVisualStudioVersion = 10.0.40219.1
Project("{FAE04EC0-301F-11D3-BF4B-00C04F79EFBC}") = "Template", "Template\Template.csproj", "{EDD948A8-2890-49CD-91AA-68DC61DDD3CC}"
EndProject
Global
	GlobalSection(SolutionConfigurationPlatforms) = preSolution
		Debug|Any CPU = Debug|Any CPU
		Release|Any CPU = Release|Any CPU
	EndGlobalSection
	GlobalSection(ProjectConfigurationPlatforms) = postSolution
		{EDD948A8-2890-49CD-91AA-68DC61DDD3CC}.Debug|Any CPU.ActiveCfg = Debug|Any CPU
		{EDD948A8-2890-49CD-91AA-68DC61DDD3CC}.Debug|Any CPU.Build.0 = Debug|Any CPU
		{EDD948A8-2890-49CD-91AA-68DC61DDD3CC}.Release|Any CPU.ActiveCfg = Release|Any CPU
		{EDD948A8-2890-49CD-91AA-68DC61DDD3CC}.Release|Any CPU.Build.0 = Release|Any CPU
	EndGlobalSection
	GlobalSection(SolutionProperties) = preSolution
		HideSolutionNode = FALSE
	EndGlobalSection
	GlobalSection(ExtensibilityGlobals) = postSolution
		SolutionGuid = {4C5CBA33-FEC9-46A3-9F8E-A0B1CB156163}
	EndGlobalSection
EndGlobal
